
Microsoft Visual Studio Solution File, Format Version 12.00
# Visual Studio 15
VisualStudioVersion = 15.0.28010.2048
MinimumVisualStudioVersion = 10.0.40219.1
Project("{FAE04EC0-301F-11D3-BF4B-00C04F79EFBC}") = "TrafficTicketsManagement4", "TrafficTicketsManagement4\TrafficTicketsManagement4.csproj", "{A4B14688-03FC-4E99-8029-EAD5C2AF5F45}"
EndProject
Global
	GlobalSection(SolutionConfigurationPlatforms) = preSolution
		Debug|Any CPU = Debug|Any CPU
		Release|Any CPU = Release|Any CPU
	EndGlobalSection
	GlobalSection(ProjectConfigurationPlatforms) = postSolution
		{A4B14688-03FC-4E99-8029-EAD5C2AF5F45}.Debug|Any CPU.ActiveCfg = Debug|Any CPU
		{A4B14688-03FC-4E99-8029-EAD5C2AF5F45}.Debug|Any CPU.Build.0 = Debug|Any CPU
		{A4B14688-03FC-4E99-8029-EAD5C2AF5F45}.Release|Any CPU.ActiveCfg = Release|Any CPU
		{A4B14688-03FC-4E99-8029-EAD5C2AF5F45}.Release|Any CPU.Build.0 = Release|Any CPU
	EndGlobalSection
	GlobalSection(SolutionProperties) = preSolution
		HideSolutionNode = FALSE
	EndGlobalSection
	GlobalSection(ExtensibilityGlobals) = postSolution
		SolutionGuid = {CA3AEC64-E507-4387-B229-5A6745E81A89}
	EndGlobalSection
EndGlobal
